
Microsoft Visual Studio Solution File, Format Version 12.00
# Visual Studio Version 17
VisualStudioVersion = 17.4.33122.133
MinimumVisualStudioVersion = 10.0.40219.1
Project("{FAE04EC0-301F-11D3-BF4B-00C04F79EFBC}") = "ChainofResponsibility", "ChainofResponsibility\ChainofResponsibility.csproj", "{FF7B1477-AE71-4407-9833-77084CAE899D}"
EndProject
Global
	GlobalSection(SolutionConfigurationPlatforms) = preSolution
		Debug|Any CPU = Debug|Any CPU
		Release|Any CPU = Release|Any CPU
	EndGlobalSection
	GlobalSection(ProjectConfigurationPlatforms) = postSolution
		{FF7B1477-AE71-4407-9833-77084CAE899D}.Debug|Any CPU.ActiveCfg = Debug|Any CPU
		{FF7B1477-AE71-4407-9833-77084CAE899D}.Debug|Any CPU.Build.0 = Debug|Any CPU
		{FF7B1477-AE71-4407-9833-77084CAE899D}.Release|Any CPU.ActiveCfg = Release|Any CPU
		{FF7B1477-AE71-4407-9833-77084CAE899D}.Release|Any CPU.Build.0 = Release|Any CPU
	EndGlobalSection
	GlobalSection(SolutionProperties) = preSolution
		HideSolutionNode = FALSE
	EndGlobalSection
	GlobalSection(ExtensibilityGlobals) = postSolution
		SolutionGuid = {708738AB-58AE-434B-B788-10C89E4AB890}
	EndGlobalSection
EndGlobal
